
Microsoft Visual Studio Solution File, Format Version 12.00
# Visual Studio 15
VisualStudioVersion = 15.0.26430.16
MinimumVisualStudioVersion = 10.0.40219.1
Project("{FAE04EC0-301F-11D3-BF4B-00C04F79EFBC}") = "WinYourDesktop", "WinYourDesktop\WinYourDesktop.csproj", "{7E2DF908-5C90-4CFB-A1EA-A3ADC3835375}"
EndProject
Project("{FAE04EC0-301F-11D3-BF4B-00C04F79EFBC}") = "wyd-lib", "wyd-lib\wyd-lib.csproj", "{18A28EC1-DE0F-40C1-8F34-ECEF36CE67BC}"
EndProject
Project("{2150E333-8FDC-42A3-9474-1A3956D46DE8}") = "Solution Items", "Solution Items", "{46512FB6-0351-4168-8594-EBB6D186DDA2}"
	ProjectSection(SolutionItems) = preProject
		LICENSE = LICENSE
		README.md = README.md
	EndProjectSection
EndProject
Global
	GlobalSection(SolutionConfigurationPlatforms) = preSolution
		Debug - EN|Any CPU = Debug - EN|Any CPU
		Debug|Any CPU = Debug|Any CPU
		Release|Any CPU = Release|Any CPU
	EndGlobalSection
	GlobalSection(ProjectConfigurationPlatforms) = postSolution
		{7E2DF908-5C90-4CFB-A1EA-A3ADC3835375}.Debug - EN|Any CPU.ActiveCfg = Debug - EN|Any CPU
		{7E2DF908-5C90-4CFB-A1EA-A3ADC3835375}.Debug - EN|Any CPU.Build.0 = Debug - EN|Any CPU
		{7E2DF908-5C90-4CFB-A1EA-A3ADC3835375}.Debug|Any CPU.ActiveCfg = Debug|Any CPU
		{7E2DF908-5C90-4CFB-A1EA-A3ADC3835375}.Debug|Any CPU.Build.0 = Debug|Any CPU
		{7E2DF908-5C90-4CFB-A1EA-A3ADC3835375}.Release|Any CPU.ActiveCfg = Release|Any CPU
		{7E2DF908-5C90-4CFB-A1EA-A3ADC3835375}.Release|Any CPU.Build.0 = Release|Any CPU
		{18A28EC1-DE0F-40C1-8F34-ECEF36CE67BC}.Debug - EN|Any CPU.ActiveCfg = Debug|Any CPU
		{18A28EC1-DE0F-40C1-8F34-ECEF36CE67BC}.Debug - EN|Any CPU.Build.0 = Debug|Any CPU
		{18A28EC1-DE0F-40C1-8F34-ECEF36CE67BC}.Debug|Any CPU.ActiveCfg = Debug|Any CPU
		{18A28EC1-DE0F-40C1-8F34-ECEF36CE67BC}.Debug|Any CPU.Build.0 = Debug|Any CPU
		{18A28EC1-DE0F-40C1-8F34-ECEF36CE67BC}.Debug|Any CPU.Deploy.0 = Debug|Any CPU
		{18A28EC1-DE0F-40C1-8F34-ECEF36CE67BC}.Release|Any CPU.ActiveCfg = Release|Any CPU
		{18A28EC1-DE0F-40C1-8F34-ECEF36CE67BC}.Release|Any CPU.Build.0 = Release|Any CPU
	EndGlobalSection
	GlobalSection(SolutionProperties) = preSolution
		HideSolutionNode = FALSE
	EndGlobalSection
EndGlobal
