
Microsoft Visual Studio Solution File, Format Version 12.00
# Visual Studio 14
VisualStudioVersion = 14.0.23107.0
MinimumVisualStudioVersion = 10.0.40219.1
Project("{FAE04EC0-301F-11D3-BF4B-00C04F79EFBC}") = "WinYourDesktop", "WinYourDesktop\WinYourDesktop.csproj", "{7E2DF908-5C90-4CFB-A1EA-A3ADC3835375}"
EndProject
Project("{FAE04EC0-301F-11D3-BF4B-00C04F79EFBC}") = "WinYourDesktopConsole", "WinYourDesktopConsole\WinYourDesktopConsole.csproj", "{82CC7D42-9FBA-4153-B813-64E894E75459}"
EndProject
Project("{FAE04EC0-301F-11D3-BF4B-00C04F79EFBC}") = "wyd-lib", "wyd-lib\wyd-lib.csproj", "{18A28EC1-DE0F-40C1-8F34-ECEF36CE67BC}"
EndProject
Global
	GlobalSection(SolutionConfigurationPlatforms) = preSolution
		Debug|Any CPU = Debug|Any CPU
		Release|Any CPU = Release|Any CPU
	EndGlobalSection
	GlobalSection(ProjectConfigurationPlatforms) = postSolution
		{7E2DF908-5C90-4CFB-A1EA-A3ADC3835375}.Debug|Any CPU.ActiveCfg = Debug|Any CPU
		{7E2DF908-5C90-4CFB-A1EA-A3ADC3835375}.Debug|Any CPU.Build.0 = Debug|Any CPU
		{7E2DF908-5C90-4CFB-A1EA-A3ADC3835375}.Release|Any CPU.ActiveCfg = Release|Any CPU
		{7E2DF908-5C90-4CFB-A1EA-A3ADC3835375}.Release|Any CPU.Build.0 = Release|Any CPU
		{82CC7D42-9FBA-4153-B813-64E894E75459}.Debug|Any CPU.ActiveCfg = Debug|Any CPU
		{82CC7D42-9FBA-4153-B813-64E894E75459}.Debug|Any CPU.Build.0 = Debug|Any CPU
		{82CC7D42-9FBA-4153-B813-64E894E75459}.Release|Any CPU.ActiveCfg = Release|Any CPU
		{82CC7D42-9FBA-4153-B813-64E894E75459}.Release|Any CPU.Build.0 = Release|Any CPU
		{18A28EC1-DE0F-40C1-8F34-ECEF36CE67BC}.Debug|Any CPU.ActiveCfg = Debug|Any CPU
		{18A28EC1-DE0F-40C1-8F34-ECEF36CE67BC}.Debug|Any CPU.Build.0 = Debug|Any CPU
		{18A28EC1-DE0F-40C1-8F34-ECEF36CE67BC}.Release|Any CPU.ActiveCfg = Release|Any CPU
		{18A28EC1-DE0F-40C1-8F34-ECEF36CE67BC}.Release|Any CPU.Build.0 = Release|Any CPU
	EndGlobalSection
	GlobalSection(SolutionProperties) = preSolution
		HideSolutionNode = FALSE
	EndGlobalSection
EndGlobal
